
Microsoft Visual Studio Solution File, Format Version 12.00
# Visual Studio Version 17
VisualStudioVersion = 17.10.35013.160
MinimumVisualStudioVersion = 10.0.40219.1
Project("{8BC9CEB8-8B4A-11D0-8D11-00A0C91BC942}") = "Assignments", "..\A2\Assignments\Assignments\Assignments.vcxproj", "{B340496D-A983-4261-A0CC-27863FE8D2CE}"
EndProject
Global
	GlobalSection(SolutionConfigurationPlatforms) = preSolution
		Debug|x64 = Debug|x64
		Debug|x86 = Debug|x86
		Release|x64 = Release|x64
		Release|x86 = Release|x86
	EndGlobalSection
	GlobalSection(ProjectConfigurationPlatforms) = postSolution
		{B340496D-A983-4261-A0CC-27863FE8D2CE}.Debug|x64.ActiveCfg = Debug|x64
		{B340496D-A983-4261-A0CC-27863FE8D2CE}.Debug|x64.Build.0 = Debug|x64
		{B340496D-A983-4261-A0CC-27863FE8D2CE}.Debug|x86.ActiveCfg = Debug|Win32
		{B340496D-A983-4261-A0CC-27863FE8D2CE}.Debug|x86.Build.0 = Debug|Win32
		{B340496D-A983-4261-A0CC-27863FE8D2CE}.Release|x64.ActiveCfg = Release|x64
		{B340496D-A983-4261-A0CC-27863FE8D2CE}.Release|x64.Build.0 = Release|x64
		{B340496D-A983-4261-A0CC-27863FE8D2CE}.Release|x86.ActiveCfg = Release|Win32
		{B340496D-A983-4261-A0CC-27863FE8D2CE}.Release|x86.Build.0 = Release|Win32
	EndGlobalSection
	GlobalSection(SolutionProperties) = preSolution
		HideSolutionNode = FALSE
	EndGlobalSection
	GlobalSection(ExtensibilityGlobals) = postSolution
		SolutionGuid = {847AC384-295A-4409-B8C2-11E7FD5331B2}
	EndGlobalSection
EndGlobal
