
Microsoft Visual Studio Solution File, Format Version 12.00
# Visual Studio Version 17
VisualStudioVersion = 17.10.35013.160
MinimumVisualStudioVersion = 10.0.40219.1
Project("{8BC9CEB8-8B4A-11D0-8D11-00A0C91BC942}") = "Assignments", "Assignments\Assignments.vcxproj", "{F7BDD996-1F71-4E9E-BC07-FDC07BDB50FB}"
EndProject
Global
	GlobalSection(SolutionConfigurationPlatforms) = preSolution
		Debug|x64 = Debug|x64
		Debug|x86 = Debug|x86
		Release|x64 = Release|x64
		Release|x86 = Release|x86
	EndGlobalSection
	GlobalSection(ProjectConfigurationPlatforms) = postSolution
		{F7BDD996-1F71-4E9E-BC07-FDC07BDB50FB}.Debug|x64.ActiveCfg = Debug|x64
		{F7BDD996-1F71-4E9E-BC07-FDC07BDB50FB}.Debug|x64.Build.0 = Debug|x64
		{F7BDD996-1F71-4E9E-BC07-FDC07BDB50FB}.Debug|x86.ActiveCfg = Debug|Win32
		{F7BDD996-1F71-4E9E-BC07-FDC07BDB50FB}.Debug|x86.Build.0 = Debug|Win32
		{F7BDD996-1F71-4E9E-BC07-FDC07BDB50FB}.Release|x64.ActiveCfg = Release|x64
		{F7BDD996-1F71-4E9E-BC07-FDC07BDB50FB}.Release|x64.Build.0 = Release|x64
		{F7BDD996-1F71-4E9E-BC07-FDC07BDB50FB}.Release|x86.ActiveCfg = Release|Win32
		{F7BDD996-1F71-4E9E-BC07-FDC07BDB50FB}.Release|x86.Build.0 = Release|Win32
	EndGlobalSection
	GlobalSection(SolutionProperties) = preSolution
		HideSolutionNode = FALSE
	EndGlobalSection
	GlobalSection(ExtensibilityGlobals) = postSolution
		SolutionGuid = {65DB2047-45E5-4F13-8631-F12533E020D0}
	EndGlobalSection
EndGlobal
